
Microsoft Visual Studio Solution File, Format Version 12.00
# Visual Studio 15
VisualStudioVersion = 15.0.28307.329
MinimumVisualStudioVersion = 10.0.40219.1
Project("{FAE04EC0-301F-11D3-BF4B-00C04F79EFBC}") = "Spelunker", "Spelunker\Spelunker.csproj", "{6FB79708-5BEB-4B10-A5C0-1BBF517BCAEF}"
EndProject
Global
	GlobalSection(SolutionConfigurationPlatforms) = preSolution
		Debug|Any CPU = Debug|Any CPU
		Release|Any CPU = Release|Any CPU
	EndGlobalSection
	GlobalSection(ProjectConfigurationPlatforms) = postSolution
		{6FB79708-5BEB-4B10-A5C0-1BBF517BCAEF}.Debug|Any CPU.ActiveCfg = Debug|Any CPU
		{6FB79708-5BEB-4B10-A5C0-1BBF517BCAEF}.Debug|Any CPU.Build.0 = Debug|Any CPU
		{6FB79708-5BEB-4B10-A5C0-1BBF517BCAEF}.Release|Any CPU.ActiveCfg = Release|Any CPU
		{6FB79708-5BEB-4B10-A5C0-1BBF517BCAEF}.Release|Any CPU.Build.0 = Release|Any CPU
	EndGlobalSection
	GlobalSection(SolutionProperties) = preSolution
		HideSolutionNode = FALSE
	EndGlobalSection
	GlobalSection(ExtensibilityGlobals) = postSolution
		SolutionGuid = {1F16C11B-4267-4525-90B4-E8AF83B5E664}
	EndGlobalSection
EndGlobal
